{
  "name": "javascript-monad",
  "lockfileVersion": 3,
  "requires": true,
  "packages": {
    "": {
      "dependencies": {
        "getjson": "^0.0.1"
      }
    },
    "node_modules/getjson": {
      "version": "0.0.1",
      "resolved": "https://registry.npmjs.org/getjson/-/getjson-0.0.1.tgz",
      "integrity": "sha512-POyNVQZeGhF0Y5QmMR6QBNLA7kynClamUZQdcdgpjufyDqV/sscUKiH1wF7zogrTZcEwDtSc2SjmasbnzEgyYQ==",
      "engines": {
        "node": ">= 0.4.0"
      }
    }
  }
}
